
Microsoft Visual Studio Solution File, Format Version 12.00
# Visual Studio Version 17
VisualStudioVersion = 17.2.32526.322
MinimumVisualStudioVersion = 10.0.40219.1
Project("{9A19103F-16F7-4668-BE54-9A1E7A4F7556}") = "AsynchronousMultithreadProgramming.Console", "AsynchronousMultithreadProgramming.Console\AsynchronousMultithreadProgramming.Console.csproj", "{196D4C3E-ADFE-463F-B39B-3B08118B5636}"
EndProject
Project("{FAE04EC0-301F-11D3-BF4B-00C04F79EFBC}") = "CancellationToken", "CancellationToken\CancellationToken.csproj", "{72BE9C01-6ACC-4EAC-954E-7DACD9E8BFA2}"
EndProject
Global
	GlobalSection(SolutionConfigurationPlatforms) = preSolution
		Debug|Any CPU = Debug|Any CPU
		Release|Any CPU = Release|Any CPU
	EndGlobalSection
	GlobalSection(ProjectConfigurationPlatforms) = postSolution
		{196D4C3E-ADFE-463F-B39B-3B08118B5636}.Debug|Any CPU.ActiveCfg = Debug|Any CPU
		{196D4C3E-ADFE-463F-B39B-3B08118B5636}.Debug|Any CPU.Build.0 = Debug|Any CPU
		{196D4C3E-ADFE-463F-B39B-3B08118B5636}.Release|Any CPU.ActiveCfg = Release|Any CPU
		{196D4C3E-ADFE-463F-B39B-3B08118B5636}.Release|Any CPU.Build.0 = Release|Any CPU
		{72BE9C01-6ACC-4EAC-954E-7DACD9E8BFA2}.Debug|Any CPU.ActiveCfg = Debug|Any CPU
		{72BE9C01-6ACC-4EAC-954E-7DACD9E8BFA2}.Debug|Any CPU.Build.0 = Debug|Any CPU
		{72BE9C01-6ACC-4EAC-954E-7DACD9E8BFA2}.Release|Any CPU.ActiveCfg = Release|Any CPU
		{72BE9C01-6ACC-4EAC-954E-7DACD9E8BFA2}.Release|Any CPU.Build.0 = Release|Any CPU
	EndGlobalSection
	GlobalSection(SolutionProperties) = preSolution
		HideSolutionNode = FALSE
	EndGlobalSection
	GlobalSection(ExtensibilityGlobals) = postSolution
		SolutionGuid = {5D5C27FF-AFA3-4D97-A24D-E11CAD6853A3}
	EndGlobalSection
EndGlobal
